
Microsoft Visual Studio Solution File, Format Version 12.00
# Visual Studio Version 16
VisualStudioVersion = 16.0.31410.357
MinimumVisualStudioVersion = 10.0.40219.1
Project("{FAE04EC0-301F-11D3-BF4B-00C04F79EFBC}") = "DIDemoinAPI", "DIDemoinAPI\DIDemoinAPI.csproj", "{7096803A-4A36-477A-9B61-EDD96A29B653}"
EndProject
Global
	GlobalSection(SolutionConfigurationPlatforms) = preSolution
		Debug|Any CPU = Debug|Any CPU
		Release|Any CPU = Release|Any CPU
	EndGlobalSection
	GlobalSection(ProjectConfigurationPlatforms) = postSolution
		{7096803A-4A36-477A-9B61-EDD96A29B653}.Debug|Any CPU.ActiveCfg = Debug|Any CPU
		{7096803A-4A36-477A-9B61-EDD96A29B653}.Debug|Any CPU.Build.0 = Debug|Any CPU
		{7096803A-4A36-477A-9B61-EDD96A29B653}.Release|Any CPU.ActiveCfg = Release|Any CPU
		{7096803A-4A36-477A-9B61-EDD96A29B653}.Release|Any CPU.Build.0 = Release|Any CPU
	EndGlobalSection
	GlobalSection(SolutionProperties) = preSolution
		HideSolutionNode = FALSE
	EndGlobalSection
	GlobalSection(ExtensibilityGlobals) = postSolution
		SolutionGuid = {A045937F-5CB4-4C1B-81B3-8D8F99D649C5}
	EndGlobalSection
EndGlobal
