
Microsoft Visual Studio Solution File, Format Version 12.00
# Visual Studio Version 16
VisualStudioVersion = 16.0.31410.357
MinimumVisualStudioVersion = 10.0.40219.1
Project("{FAE04EC0-301F-11D3-BF4B-00C04F79EFBC}") = "APIOwerView", "APIOwerView\APIOwerView.csproj", "{EFDEEC5A-BDC8-4FD4-AE78-8E233F8335F1}"
EndProject
Global
	GlobalSection(SolutionConfigurationPlatforms) = preSolution
		Debug|Any CPU = Debug|Any CPU
		Release|Any CPU = Release|Any CPU
	EndGlobalSection
	GlobalSection(ProjectConfigurationPlatforms) = postSolution
		{EFDEEC5A-BDC8-4FD4-AE78-8E233F8335F1}.Debug|Any CPU.ActiveCfg = Debug|Any CPU
		{EFDEEC5A-BDC8-4FD4-AE78-8E233F8335F1}.Debug|Any CPU.Build.0 = Debug|Any CPU
		{EFDEEC5A-BDC8-4FD4-AE78-8E233F8335F1}.Release|Any CPU.ActiveCfg = Release|Any CPU
		{EFDEEC5A-BDC8-4FD4-AE78-8E233F8335F1}.Release|Any CPU.Build.0 = Release|Any CPU
	EndGlobalSection
	GlobalSection(SolutionProperties) = preSolution
		HideSolutionNode = FALSE
	EndGlobalSection
	GlobalSection(ExtensibilityGlobals) = postSolution
		SolutionGuid = {84C00BA8-2C57-46C7-BD1E-2FD0D89C7F7A}
	EndGlobalSection
EndGlobal
